
Microsoft Visual Studio Solution File, Format Version 11.00
# Visual Studio 2010
Project("{FAE04EC0-301F-11D3-BF4B-00C04F79EFBC}") = "vgd-project-vector3", "Assembly-CSharp.csproj", "{420F55EE-00AB-97F1-CE0D-5FDCA01A5CBD}"
EndProject
Project("{FAE04EC0-301F-11D3-BF4B-00C04F79EFBC}") = "vgd-project-vector3", "Assembly-CSharp-firstpass.csproj", "{F605F463-1299-D2A8-0270-4DFD90E7B781}"
EndProject
Project("{FAE04EC0-301F-11D3-BF4B-00C04F79EFBC}") = "vgd-project-vector3", "Assembly-CSharp-Editor-firstpass.csproj", "{1F8E827C-C173-82EF-59C4-BCE2A30D9E45}"
EndProject
Global
	GlobalSection(SolutionConfigurationPlatforms) = preSolution
		Debug|Any CPU = Debug|Any CPU
		Release|Any CPU = Release|Any CPU
	EndGlobalSection
	GlobalSection(ProjectConfigurationPlatforms) = postSolution
		{420F55EE-00AB-97F1-CE0D-5FDCA01A5CBD}.Debug|Any CPU.ActiveCfg = Debug|Any CPU
		{420F55EE-00AB-97F1-CE0D-5FDCA01A5CBD}.Debug|Any CPU.Build.0 = Debug|Any CPU
		{420F55EE-00AB-97F1-CE0D-5FDCA01A5CBD}.Release|Any CPU.ActiveCfg = Release|Any CPU
		{420F55EE-00AB-97F1-CE0D-5FDCA01A5CBD}.Release|Any CPU.Build.0 = Release|Any CPU
		{F605F463-1299-D2A8-0270-4DFD90E7B781}.Debug|Any CPU.ActiveCfg = Debug|Any CPU
		{F605F463-1299-D2A8-0270-4DFD90E7B781}.Debug|Any CPU.Build.0 = Debug|Any CPU
		{F605F463-1299-D2A8-0270-4DFD90E7B781}.Release|Any CPU.ActiveCfg = Release|Any CPU
		{F605F463-1299-D2A8-0270-4DFD90E7B781}.Release|Any CPU.Build.0 = Release|Any CPU
		{1F8E827C-C173-82EF-59C4-BCE2A30D9E45}.Debug|Any CPU.ActiveCfg = Debug|Any CPU
		{1F8E827C-C173-82EF-59C4-BCE2A30D9E45}.Debug|Any CPU.Build.0 = Debug|Any CPU
		{1F8E827C-C173-82EF-59C4-BCE2A30D9E45}.Release|Any CPU.ActiveCfg = Release|Any CPU
		{1F8E827C-C173-82EF-59C4-BCE2A30D9E45}.Release|Any CPU.Build.0 = Release|Any CPU
	EndGlobalSection
	GlobalSection(SolutionProperties) = preSolution
		HideSolutionNode = FALSE
	EndGlobalSection
	GlobalSection(MonoDevelopProperties) = preSolution
		StartupItem = Assembly-CSharp.csproj
	EndGlobalSection
EndGlobal
